
Microsoft Visual Studio Solution File, Format Version 12.00
# Visual Studio 15
VisualStudioVersion = 15.0.27130.2026
MinimumVisualStudioVersion = 10.0.40219.1
Project("{FAE04EC0-301F-11D3-BF4B-00C04F79EFBC}") = "SS.Shopping", "SS.Shopping.csproj", "{61D25695-D0E3-4EAC-BB11-507EE5B94DA2}"
EndProject
Global
	GlobalSection(SolutionConfigurationPlatforms) = preSolution
		Debug|Any CPU = Debug|Any CPU
		Release|Any CPU = Release|Any CPU
	EndGlobalSection
	GlobalSection(ProjectConfigurationPlatforms) = postSolution
		{61D25695-D0E3-4EAC-BB11-507EE5B94DA2}.Debug|Any CPU.ActiveCfg = Debug|Any CPU
		{61D25695-D0E3-4EAC-BB11-507EE5B94DA2}.Debug|Any CPU.Build.0 = Debug|Any CPU
		{61D25695-D0E3-4EAC-BB11-507EE5B94DA2}.Release|Any CPU.ActiveCfg = Release|Any CPU
		{61D25695-D0E3-4EAC-BB11-507EE5B94DA2}.Release|Any CPU.Build.0 = Release|Any CPU
	EndGlobalSection
	GlobalSection(SolutionProperties) = preSolution
		HideSolutionNode = FALSE
	EndGlobalSection
	GlobalSection(ExtensibilityGlobals) = postSolution
		SolutionGuid = {419B4ED9-58DB-4FE1-87D9-67879FF90FA2}
	EndGlobalSection
EndGlobal
